
Microsoft Visual Studio Solution File, Format Version 12.00
# Visual Studio Version 17
VisualStudioVersion = 17.2.32630.192
MinimumVisualStudioVersion = 10.0.40219.1
Project("{FAE04EC0-301F-11D3-BF4B-00C04F79EFBC}") = "StreamDeck", "StreamDeck\StreamDeck.csproj", "{1A845986-6CA4-451A-94A5-7EDB957F6A9F}"
EndProject
Global
	GlobalSection(SolutionConfigurationPlatforms) = preSolution
		Debug|Any CPU = Debug|Any CPU
		Release|Any CPU = Release|Any CPU
	EndGlobalSection
	GlobalSection(ProjectConfigurationPlatforms) = postSolution
		{1A845986-6CA4-451A-94A5-7EDB957F6A9F}.Debug|Any CPU.ActiveCfg = Debug|Any CPU
		{1A845986-6CA4-451A-94A5-7EDB957F6A9F}.Debug|Any CPU.Build.0 = Debug|Any CPU
		{1A845986-6CA4-451A-94A5-7EDB957F6A9F}.Release|Any CPU.ActiveCfg = Release|Any CPU
		{1A845986-6CA4-451A-94A5-7EDB957F6A9F}.Release|Any CPU.Build.0 = Release|Any CPU
	EndGlobalSection
	GlobalSection(SolutionProperties) = preSolution
		HideSolutionNode = FALSE
	EndGlobalSection
	GlobalSection(ExtensibilityGlobals) = postSolution
		SolutionGuid = {A0E6A92A-F59D-48C5-8538-66CA6945C446}
	EndGlobalSection
EndGlobal
